
Microsoft Visual Studio Solution File, Format Version 12.00
# Visual Studio 15
VisualStudioVersion = 15.0.27428.2043
MinimumVisualStudioVersion = 10.0.40219.1
Project("{9A19103F-16F7-4668-BE54-9A1E7A4F7556}") = "TangleChainIXI", "TangleChainIXI\TangleChainIXI.csproj", "{51366D09-16CD-4645-8DDC-7A8A85D6DE60}"
EndProject
Project("{9A19103F-16F7-4668-BE54-9A1E7A4F7556}") = "TangleChainIXITest", "TangleChainIXITest\TangleChainIXITest.csproj", "{1BA7689F-A82B-4AC1-99BF-DBD92F13009E}"
EndProject
Project("{FAE04EC0-301F-11D3-BF4B-00C04F79EFBC}") = "Miner", "Miner\Miner.csproj", "{AF0730F7-08B0-476E-80FD-03205306B3EA}"
EndProject
Global
	GlobalSection(SolutionConfigurationPlatforms) = preSolution
		Debug|Any CPU = Debug|Any CPU
		Release|Any CPU = Release|Any CPU
	EndGlobalSection
	GlobalSection(ProjectConfigurationPlatforms) = postSolution
		{51366D09-16CD-4645-8DDC-7A8A85D6DE60}.Debug|Any CPU.ActiveCfg = Debug|Any CPU
		{51366D09-16CD-4645-8DDC-7A8A85D6DE60}.Debug|Any CPU.Build.0 = Debug|Any CPU
		{51366D09-16CD-4645-8DDC-7A8A85D6DE60}.Release|Any CPU.ActiveCfg = Release|Any CPU
		{51366D09-16CD-4645-8DDC-7A8A85D6DE60}.Release|Any CPU.Build.0 = Release|Any CPU
		{1BA7689F-A82B-4AC1-99BF-DBD92F13009E}.Debug|Any CPU.ActiveCfg = Debug|Any CPU
		{1BA7689F-A82B-4AC1-99BF-DBD92F13009E}.Debug|Any CPU.Build.0 = Debug|Any CPU
		{1BA7689F-A82B-4AC1-99BF-DBD92F13009E}.Release|Any CPU.ActiveCfg = Release|Any CPU
		{1BA7689F-A82B-4AC1-99BF-DBD92F13009E}.Release|Any CPU.Build.0 = Release|Any CPU
		{AF0730F7-08B0-476E-80FD-03205306B3EA}.Debug|Any CPU.ActiveCfg = Debug|Any CPU
		{AF0730F7-08B0-476E-80FD-03205306B3EA}.Debug|Any CPU.Build.0 = Debug|Any CPU
		{AF0730F7-08B0-476E-80FD-03205306B3EA}.Release|Any CPU.ActiveCfg = Release|Any CPU
		{AF0730F7-08B0-476E-80FD-03205306B3EA}.Release|Any CPU.Build.0 = Release|Any CPU
	EndGlobalSection
	GlobalSection(SolutionProperties) = preSolution
		HideSolutionNode = FALSE
	EndGlobalSection
	GlobalSection(ExtensibilityGlobals) = postSolution
		SolutionGuid = {C501BFE8-8732-49FC-BF34-E0A4CB6FEBF5}
	EndGlobalSection
EndGlobal
